
Microsoft Visual Studio Solution File, Format Version 12.00
# Visual Studio Version 17
VisualStudioVersion = 17.11.35312.102
MinimumVisualStudioVersion = 10.0.40219.1
Project("{FAE04EC0-301F-11D3-BF4B-00C04F79EFBC}") = "CarCrud.server", "CarCrud.server\CarCrud.server.csproj", "{85621853-3376-4523-A41A-0A7BDE33D080}"
EndProject
Project("{FAE04EC0-301F-11D3-BF4B-00C04F79EFBC}") = "CarDataAccess", "CarDataAccess\CarDataAccess.csproj", "{96D8684A-2B47-45A8-A1B1-A27D34090AE3}"
EndProject
Global
	GlobalSection(SolutionConfigurationPlatforms) = preSolution
		Debug|Any CPU = Debug|Any CPU
		Release|Any CPU = Release|Any CPU
	EndGlobalSection
	GlobalSection(ProjectConfigurationPlatforms) = postSolution
		{85621853-3376-4523-A41A-0A7BDE33D080}.Debug|Any CPU.ActiveCfg = Debug|Any CPU
		{85621853-3376-4523-A41A-0A7BDE33D080}.Debug|Any CPU.Build.0 = Debug|Any CPU
		{85621853-3376-4523-A41A-0A7BDE33D080}.Release|Any CPU.ActiveCfg = Release|Any CPU
		{85621853-3376-4523-A41A-0A7BDE33D080}.Release|Any CPU.Build.0 = Release|Any CPU
		{96D8684A-2B47-45A8-A1B1-A27D34090AE3}.Debug|Any CPU.ActiveCfg = Debug|Any CPU
		{96D8684A-2B47-45A8-A1B1-A27D34090AE3}.Debug|Any CPU.Build.0 = Debug|Any CPU
		{96D8684A-2B47-45A8-A1B1-A27D34090AE3}.Release|Any CPU.ActiveCfg = Release|Any CPU
		{96D8684A-2B47-45A8-A1B1-A27D34090AE3}.Release|Any CPU.Build.0 = Release|Any CPU
	EndGlobalSection
	GlobalSection(SolutionProperties) = preSolution
		HideSolutionNode = FALSE
	EndGlobalSection
	GlobalSection(ExtensibilityGlobals) = postSolution
		SolutionGuid = {B25B3BB2-0D4D-4CF1-AB0D-97C1A4AB183A}
	EndGlobalSection
EndGlobal
